# THIS IS AN AUTOGENERATED FILE. DO NOT EDIT THIS FILE DIRECTLY.
# yarn lockfile v1


fs@^0.0.1-security:
  version "0.0.1-security"
  resolved "https://registry.yarnpkg.com/fs/-/fs-0.0.1-security.tgz#8a7bd37186b6dddf3813f23858b57ecaaf5e41d4"
  integrity sha1-invTcYa23d84E/I4WLV+yq9eQdQ=

ip-address@^8.0.0:
  version "8.0.0"
  resolved "https://registry.yarnpkg.com/ip-address/-/ip-address-8.0.0.tgz#00ba9435c8027dd591c491ad64c3e6a52a767ee4"
  integrity sha512-HAGaTPtx3AJj2p/ymbUjAJzF5bQ+pI6sDDEixHnj+vj1XL9DaK4hGvOOs3mdCMZZLIDOH8T8U6SInpqTk76wXw==
  dependencies:
    jsbn "1.1.0"
    sprintf-js "1.1.2"

jsbn@1.1.0:
  version "1.1.0"
  resolved "https://registry.yarnpkg.com/jsbn/-/jsbn-1.1.0.tgz#b01307cb29b618a1ed26ec79e911f803c4da0040"
  integrity sha1-sBMHyym2GKHtJux56RH4A8TaAEA=

sprintf-js@1.1.2:
  version "1.1.2"
  resolved "https://registry.yarnpkg.com/sprintf-js/-/sprintf-js-1.1.2.tgz#da1765262bf8c0f571749f2ad6c26300207ae673"
  integrity sha512-VE0SOVEHCk7Qc8ulkWw3ntAzXuqf7S2lvwQaDLRnUeIEaKNQJzV6BwmLKhOqT61aGhfUMrXeaBk+oDGCzvhcug==
